
Microsoft Visual Studio Solution File, Format Version 12.00
# Visual Studio Version 17
VisualStudioVersion = 17.8.34511.84
MinimumVisualStudioVersion = 10.0.40219.1
Project("{FAE04EC0-301F-11D3-BF4B-00C04F79EFBC}") = "end_version", "end_version.csproj", "{12245A0E-7357-4713-A141-10E92F0A274F}"
EndProject
Global
	GlobalSection(SolutionConfigurationPlatforms) = preSolution
		Debug|Any CPU = Debug|Any CPU
		Release|Any CPU = Release|Any CPU
	EndGlobalSection
	GlobalSection(ProjectConfigurationPlatforms) = postSolution
		{12245A0E-7357-4713-A141-10E92F0A274F}.Debug|Any CPU.ActiveCfg = Debug|Any CPU
		{12245A0E-7357-4713-A141-10E92F0A274F}.Debug|Any CPU.Build.0 = Debug|Any CPU
		{12245A0E-7357-4713-A141-10E92F0A274F}.Release|Any CPU.ActiveCfg = Release|Any CPU
		{12245A0E-7357-4713-A141-10E92F0A274F}.Release|Any CPU.Build.0 = Release|Any CPU
	EndGlobalSection
	GlobalSection(SolutionProperties) = preSolution
		HideSolutionNode = FALSE
	EndGlobalSection
	GlobalSection(ExtensibilityGlobals) = postSolution
		SolutionGuid = {EFE7EEDC-27C7-4F9A-A63B-135C9DB6EBCA}
	EndGlobalSection
EndGlobal
