
Microsoft Visual Studio Solution File, Format Version 12.00
# Visual Studio Version 17
VisualStudioVersion = 17.4.33213.308
MinimumVisualStudioVersion = 10.0.40219.1
Project("{FAE04EC0-301F-11D3-BF4B-00C04F79EFBC}") = "longitude", "longitude\longitude.csproj", "{875EF503-C665-48DE-8885-841EAEEEE0A4}"
EndProject
Global
	GlobalSection(SolutionConfigurationPlatforms) = preSolution
		Debug|Any CPU = Debug|Any CPU
		Release|Any CPU = Release|Any CPU
	EndGlobalSection
	GlobalSection(ProjectConfigurationPlatforms) = postSolution
		{875EF503-C665-48DE-8885-841EAEEEE0A4}.Debug|Any CPU.ActiveCfg = Debug|Any CPU
		{875EF503-C665-48DE-8885-841EAEEEE0A4}.Debug|Any CPU.Build.0 = Debug|Any CPU
		{875EF503-C665-48DE-8885-841EAEEEE0A4}.Release|Any CPU.ActiveCfg = Release|Any CPU
		{875EF503-C665-48DE-8885-841EAEEEE0A4}.Release|Any CPU.Build.0 = Release|Any CPU
	EndGlobalSection
	GlobalSection(SolutionProperties) = preSolution
		HideSolutionNode = FALSE
	EndGlobalSection
	GlobalSection(ExtensibilityGlobals) = postSolution
		SolutionGuid = {A5B5379A-A3DE-4B10-A33A-EA16260CB017}
	EndGlobalSection
EndGlobal
