
Microsoft Visual Studio Solution File, Format Version 12.00
# Visual Studio Version 17
VisualStudioVersion = 17.8.34511.84
MinimumVisualStudioVersion = 10.0.40219.1
Project("{FAE04EC0-301F-11D3-BF4B-00C04F79EFBC}") = "shipper", "shipper.csproj", "{8CBFA783-D91D-437C-BB60-7DEE7584F901}"
EndProject
Global
	GlobalSection(SolutionConfigurationPlatforms) = preSolution
		Debug|Any CPU = Debug|Any CPU
		Release|Any CPU = Release|Any CPU
	EndGlobalSection
	GlobalSection(ProjectConfigurationPlatforms) = postSolution
		{8CBFA783-D91D-437C-BB60-7DEE7584F901}.Debug|Any CPU.ActiveCfg = Debug|Any CPU
		{8CBFA783-D91D-437C-BB60-7DEE7584F901}.Debug|Any CPU.Build.0 = Debug|Any CPU
		{8CBFA783-D91D-437C-BB60-7DEE7584F901}.Release|Any CPU.ActiveCfg = Release|Any CPU
		{8CBFA783-D91D-437C-BB60-7DEE7584F901}.Release|Any CPU.Build.0 = Release|Any CPU
	EndGlobalSection
	GlobalSection(SolutionProperties) = preSolution
		HideSolutionNode = FALSE
	EndGlobalSection
	GlobalSection(ExtensibilityGlobals) = postSolution
		SolutionGuid = {0DC2F245-BE95-458C-96C9-7E3C15CDBF12}
	EndGlobalSection
EndGlobal
