
Microsoft Visual Studio Solution File, Format Version 12.00
# Visual Studio Version 17
VisualStudioVersion = 17.8.34511.84
MinimumVisualStudioVersion = 10.0.40219.1
Project("{FAE04EC0-301F-11D3-BF4B-00C04F79EFBC}") = "client", "client.csproj", "{2816F328-346E-4A07-B8CC-4F302F428A85}"
EndProject
Project("{FAE04EC0-301F-11D3-BF4B-00C04F79EFBC}") = "sever", "..\sever\sever.csproj", "{BF79BFFB-182B-4550-83F7-0D9F167C4615}"
EndProject
Global
	GlobalSection(SolutionConfigurationPlatforms) = preSolution
		Debug|Any CPU = Debug|Any CPU
		Release|Any CPU = Release|Any CPU
	EndGlobalSection
	GlobalSection(ProjectConfigurationPlatforms) = postSolution
		{2816F328-346E-4A07-B8CC-4F302F428A85}.Debug|Any CPU.ActiveCfg = Debug|Any CPU
		{2816F328-346E-4A07-B8CC-4F302F428A85}.Debug|Any CPU.Build.0 = Debug|Any CPU
		{2816F328-346E-4A07-B8CC-4F302F428A85}.Release|Any CPU.ActiveCfg = Release|Any CPU
		{2816F328-346E-4A07-B8CC-4F302F428A85}.Release|Any CPU.Build.0 = Release|Any CPU
		{BF79BFFB-182B-4550-83F7-0D9F167C4615}.Debug|Any CPU.ActiveCfg = Debug|Any CPU
		{BF79BFFB-182B-4550-83F7-0D9F167C4615}.Debug|Any CPU.Build.0 = Debug|Any CPU
		{BF79BFFB-182B-4550-83F7-0D9F167C4615}.Release|Any CPU.ActiveCfg = Release|Any CPU
		{BF79BFFB-182B-4550-83F7-0D9F167C4615}.Release|Any CPU.Build.0 = Release|Any CPU
	EndGlobalSection
	GlobalSection(SolutionProperties) = preSolution
		HideSolutionNode = FALSE
	EndGlobalSection
	GlobalSection(ExtensibilityGlobals) = postSolution
		SolutionGuid = {DD09C9D3-9BEC-4B05-8EE9-914F4D18C53E}
	EndGlobalSection
EndGlobal
